
Microsoft Visual Studio Solution File, Format Version 11.00
# Visual Studio 2010
Project("{FAE04EC0-301F-11D3-BF4B-00C04F79EFBC}") = "autocomplete", "autocomplete\autocomplete.csproj", "{6129960D-6EA8-40E4-8386-689C9A2EA951}"
EndProject
Global
	GlobalSection(SolutionConfigurationPlatforms) = preSolution
		Debug|Any CPU = Debug|Any CPU
		Release|Any CPU = Release|Any CPU
	EndGlobalSection
	GlobalSection(ProjectConfigurationPlatforms) = postSolution
		{6129960D-6EA8-40E4-8386-689C9A2EA951}.Debug|Any CPU.ActiveCfg = Debug|Any CPU
		{6129960D-6EA8-40E4-8386-689C9A2EA951}.Debug|Any CPU.Build.0 = Debug|Any CPU
		{6129960D-6EA8-40E4-8386-689C9A2EA951}.Release|Any CPU.ActiveCfg = Release|Any CPU
		{6129960D-6EA8-40E4-8386-689C9A2EA951}.Release|Any CPU.Build.0 = Release|Any CPU
	EndGlobalSection
	GlobalSection(MonoDevelopProperties) = preSolution
		StartupItem = autocomplete\autocomplete.csproj
	EndGlobalSection
EndGlobal
