
Microsoft Visual Studio Solution File, Format Version 11.00
# Visual Studio 2010
Project("{FAE04EC0-301F-11D3-BF4B-00C04F79EFBC}") = "Auto_message", "Auto_message\Auto_message.csproj", "{1A9BAE0F-4743-421D-B066-767412791A2F}"
EndProject
Global
	GlobalSection(SolutionConfigurationPlatforms) = preSolution
		Debug|Any CPU = Debug|Any CPU
		Release|Any CPU = Release|Any CPU
	EndGlobalSection
	GlobalSection(ProjectConfigurationPlatforms) = postSolution
		{1A9BAE0F-4743-421D-B066-767412791A2F}.Debug|Any CPU.ActiveCfg = Debug|Any CPU
		{1A9BAE0F-4743-421D-B066-767412791A2F}.Debug|Any CPU.Build.0 = Debug|Any CPU
		{1A9BAE0F-4743-421D-B066-767412791A2F}.Release|Any CPU.ActiveCfg = Release|Any CPU
		{1A9BAE0F-4743-421D-B066-767412791A2F}.Release|Any CPU.Build.0 = Release|Any CPU
	EndGlobalSection
	GlobalSection(MonoDevelopProperties) = preSolution
		StartupItem = Auto_message\Auto_message.csproj
	EndGlobalSection
EndGlobal
