
Microsoft Visual Studio Solution File, Format Version 11.00
# Visual Studio 2010
Project("{FAE04EC0-301F-11D3-BF4B-00C04F79EFBC}") = "face_detection", "face_detection\face_detection.csproj", "{715A97D5-90DD-4D76-9C63-A011B984F59D}"
EndProject
Global
	GlobalSection(SolutionConfigurationPlatforms) = preSolution
		Debug|Any CPU = Debug|Any CPU
		Release|Any CPU = Release|Any CPU
	EndGlobalSection
	GlobalSection(ProjectConfigurationPlatforms) = postSolution
		{715A97D5-90DD-4D76-9C63-A011B984F59D}.Debug|Any CPU.ActiveCfg = Debug|Any CPU
		{715A97D5-90DD-4D76-9C63-A011B984F59D}.Debug|Any CPU.Build.0 = Debug|Any CPU
		{715A97D5-90DD-4D76-9C63-A011B984F59D}.Release|Any CPU.ActiveCfg = Release|Any CPU
		{715A97D5-90DD-4D76-9C63-A011B984F59D}.Release|Any CPU.Build.0 = Release|Any CPU
	EndGlobalSection
	GlobalSection(MonoDevelopProperties) = preSolution
		StartupItem = face_detection\face_detection.csproj
	EndGlobalSection
EndGlobal
