
Microsoft Visual Studio Solution File, Format Version 11.00
# Visual Studio 2010
Project("{FAE04EC0-301F-11D3-BF4B-00C04F79EFBC}") = "Sos", "Sos\Sos.csproj", "{BB0316F1-F165-48F7-8F80-CD496D852C95}"
EndProject
Global
	GlobalSection(SolutionConfigurationPlatforms) = preSolution
		Debug|Any CPU = Debug|Any CPU
		Release|Any CPU = Release|Any CPU
	EndGlobalSection
	GlobalSection(ProjectConfigurationPlatforms) = postSolution
		{BB0316F1-F165-48F7-8F80-CD496D852C95}.Debug|Any CPU.ActiveCfg = Debug|Any CPU
		{BB0316F1-F165-48F7-8F80-CD496D852C95}.Debug|Any CPU.Build.0 = Debug|Any CPU
		{BB0316F1-F165-48F7-8F80-CD496D852C95}.Release|Any CPU.ActiveCfg = Release|Any CPU
		{BB0316F1-F165-48F7-8F80-CD496D852C95}.Release|Any CPU.Build.0 = Release|Any CPU
	EndGlobalSection
	GlobalSection(MonoDevelopProperties) = preSolution
		StartupItem = Sos\Sos.csproj
	EndGlobalSection
EndGlobal
