
Microsoft Visual Studio Solution File, Format Version 11.00
# Visual Studio 2010
Project("{FAE04EC0-301F-11D3-BF4B-00C04F79EFBC}") = "network_change", "network_change\network_change.csproj", "{37123B5B-906C-4D34-919D-D3E1557088DC}"
EndProject
Global
	GlobalSection(SolutionConfigurationPlatforms) = preSolution
		Debug|Any CPU = Debug|Any CPU
		Release|Any CPU = Release|Any CPU
	EndGlobalSection
	GlobalSection(ProjectConfigurationPlatforms) = postSolution
		{37123B5B-906C-4D34-919D-D3E1557088DC}.Debug|Any CPU.ActiveCfg = Debug|Any CPU
		{37123B5B-906C-4D34-919D-D3E1557088DC}.Debug|Any CPU.Build.0 = Debug|Any CPU
		{37123B5B-906C-4D34-919D-D3E1557088DC}.Release|Any CPU.ActiveCfg = Release|Any CPU
		{37123B5B-906C-4D34-919D-D3E1557088DC}.Release|Any CPU.Build.0 = Release|Any CPU
	EndGlobalSection
	GlobalSection(MonoDevelopProperties) = preSolution
		StartupItem = network_change\network_change.csproj
	EndGlobalSection
EndGlobal
